
Microsoft Visual Studio Solution File, Format Version 12.00
# Visual Studio Version 17
VisualStudioVersion = 17.3.32901.215
MinimumVisualStudioVersion = 10.0.40219.1
Project("{9A19103F-16F7-4668-BE54-9A1E7A4F7556}") = "ejercicio1", "ejercicio1\ejercicio1.csproj", "{C681BAE7-32D2-4F48-B69D-3E1924D9A821}"
EndProject
Project("{FAE04EC0-301F-11D3-BF4B-00C04F79EFBC}") = "ejercicio2", "ejer2\ejercicio2.csproj", "{5FB3702F-B62C-4A28-B291-378162A0AA6A}"
EndProject
Global
	GlobalSection(SolutionConfigurationPlatforms) = preSolution
		Debug|Any CPU = Debug|Any CPU
		Release|Any CPU = Release|Any CPU
	EndGlobalSection
	GlobalSection(ProjectConfigurationPlatforms) = postSolution
		{C681BAE7-32D2-4F48-B69D-3E1924D9A821}.Debug|Any CPU.ActiveCfg = Debug|Any CPU
		{C681BAE7-32D2-4F48-B69D-3E1924D9A821}.Debug|Any CPU.Build.0 = Debug|Any CPU
		{C681BAE7-32D2-4F48-B69D-3E1924D9A821}.Release|Any CPU.ActiveCfg = Release|Any CPU
		{C681BAE7-32D2-4F48-B69D-3E1924D9A821}.Release|Any CPU.Build.0 = Release|Any CPU
		{5FB3702F-B62C-4A28-B291-378162A0AA6A}.Debug|Any CPU.ActiveCfg = Debug|Any CPU
		{5FB3702F-B62C-4A28-B291-378162A0AA6A}.Debug|Any CPU.Build.0 = Debug|Any CPU
		{5FB3702F-B62C-4A28-B291-378162A0AA6A}.Release|Any CPU.ActiveCfg = Release|Any CPU
		{5FB3702F-B62C-4A28-B291-378162A0AA6A}.Release|Any CPU.Build.0 = Release|Any CPU
	EndGlobalSection
	GlobalSection(SolutionProperties) = preSolution
		HideSolutionNode = FALSE
	EndGlobalSection
	GlobalSection(ExtensibilityGlobals) = postSolution
		SolutionGuid = {AE7C687B-ABD7-40C5-B3A2-FD38B65359B7}
	EndGlobalSection
EndGlobal
