
Microsoft Visual Studio Solution File, Format Version 12.00
# Visual Studio Version 17
VisualStudioVersion = 17.3.32901.215
MinimumVisualStudioVersion = 10.0.40219.1
Project("{FAE04EC0-301F-11D3-BF4B-00C04F79EFBC}") = "ejercicio2_1", "ejercicio2_1\ejercicio2_1.csproj", "{624A705D-FABB-45F8-BD2A-9623FC3F882F}"
EndProject
Global
	GlobalSection(SolutionConfigurationPlatforms) = preSolution
		Debug|Any CPU = Debug|Any CPU
		Release|Any CPU = Release|Any CPU
	EndGlobalSection
	GlobalSection(ProjectConfigurationPlatforms) = postSolution
		{624A705D-FABB-45F8-BD2A-9623FC3F882F}.Debug|Any CPU.ActiveCfg = Debug|Any CPU
		{624A705D-FABB-45F8-BD2A-9623FC3F882F}.Debug|Any CPU.Build.0 = Debug|Any CPU
		{624A705D-FABB-45F8-BD2A-9623FC3F882F}.Release|Any CPU.ActiveCfg = Release|Any CPU
		{624A705D-FABB-45F8-BD2A-9623FC3F882F}.Release|Any CPU.Build.0 = Release|Any CPU
	EndGlobalSection
	GlobalSection(SolutionProperties) = preSolution
		HideSolutionNode = FALSE
	EndGlobalSection
	GlobalSection(ExtensibilityGlobals) = postSolution
		SolutionGuid = {F96C43CD-9E7B-4A57-83C8-2D83A531879F}
	EndGlobalSection
EndGlobal
