
Microsoft Visual Studio Solution File, Format Version 12.00
# Visual Studio Version 17
VisualStudioVersion = 17.3.32825.248
MinimumVisualStudioVersion = 10.0.40219.1
Project("{9A19103F-16F7-4668-BE54-9A1E7A4F7556}") = "ejercicio1", "ejercicio1\ejercicio1.csproj", "{3F8F4FE7-FB55-4E81-87D7-5D3E05D1ECDA}"
EndProject
Project("{9A19103F-16F7-4668-BE54-9A1E7A4F7556}") = "ejercicio2", "ejercicio2\ejercicio2.csproj", "{A117909D-70F7-4869-A6D0-C54670925F47}"
EndProject
Project("{9A19103F-16F7-4668-BE54-9A1E7A4F7556}") = "ejercicio3", "ejercicio3\ejercicio3.csproj", "{98DBF0D7-6B1E-49A8-B9E7-42A062065685}"
EndProject
Project("{9A19103F-16F7-4668-BE54-9A1E7A4F7556}") = "ejercicio4", "ejercicio4\ejercicio4.csproj", "{0F456A42-1A9F-4672-8E0A-67711E76B802}"
EndProject
Project("{9A19103F-16F7-4668-BE54-9A1E7A4F7556}") = "ejercicio5", "ejercicio5\ejercicio5.csproj", "{A98BCDF9-51C5-4CBB-8897-8103DDEC45AB}"
EndProject
Project("{FAE04EC0-301F-11D3-BF4B-00C04F79EFBC}") = "ejercicio6", "ejercicio6\ejercicio6.csproj", "{B0755743-9014-4A62-A308-8C6686FF20B2}"
EndProject
Global
	GlobalSection(SolutionConfigurationPlatforms) = preSolution
		Debug|Any CPU = Debug|Any CPU
		Release|Any CPU = Release|Any CPU
	EndGlobalSection
	GlobalSection(ProjectConfigurationPlatforms) = postSolution
		{3F8F4FE7-FB55-4E81-87D7-5D3E05D1ECDA}.Debug|Any CPU.ActiveCfg = Debug|Any CPU
		{3F8F4FE7-FB55-4E81-87D7-5D3E05D1ECDA}.Debug|Any CPU.Build.0 = Debug|Any CPU
		{3F8F4FE7-FB55-4E81-87D7-5D3E05D1ECDA}.Release|Any CPU.ActiveCfg = Release|Any CPU
		{3F8F4FE7-FB55-4E81-87D7-5D3E05D1ECDA}.Release|Any CPU.Build.0 = Release|Any CPU
		{A117909D-70F7-4869-A6D0-C54670925F47}.Debug|Any CPU.ActiveCfg = Debug|Any CPU
		{A117909D-70F7-4869-A6D0-C54670925F47}.Debug|Any CPU.Build.0 = Debug|Any CPU
		{A117909D-70F7-4869-A6D0-C54670925F47}.Release|Any CPU.ActiveCfg = Release|Any CPU
		{A117909D-70F7-4869-A6D0-C54670925F47}.Release|Any CPU.Build.0 = Release|Any CPU
		{98DBF0D7-6B1E-49A8-B9E7-42A062065685}.Debug|Any CPU.ActiveCfg = Debug|Any CPU
		{98DBF0D7-6B1E-49A8-B9E7-42A062065685}.Debug|Any CPU.Build.0 = Debug|Any CPU
		{98DBF0D7-6B1E-49A8-B9E7-42A062065685}.Release|Any CPU.ActiveCfg = Release|Any CPU
		{98DBF0D7-6B1E-49A8-B9E7-42A062065685}.Release|Any CPU.Build.0 = Release|Any CPU
		{0F456A42-1A9F-4672-8E0A-67711E76B802}.Debug|Any CPU.ActiveCfg = Debug|Any CPU
		{0F456A42-1A9F-4672-8E0A-67711E76B802}.Debug|Any CPU.Build.0 = Debug|Any CPU
		{0F456A42-1A9F-4672-8E0A-67711E76B802}.Release|Any CPU.ActiveCfg = Release|Any CPU
		{0F456A42-1A9F-4672-8E0A-67711E76B802}.Release|Any CPU.Build.0 = Release|Any CPU
		{A98BCDF9-51C5-4CBB-8897-8103DDEC45AB}.Debug|Any CPU.ActiveCfg = Debug|Any CPU
		{A98BCDF9-51C5-4CBB-8897-8103DDEC45AB}.Debug|Any CPU.Build.0 = Debug|Any CPU
		{A98BCDF9-51C5-4CBB-8897-8103DDEC45AB}.Release|Any CPU.ActiveCfg = Release|Any CPU
		{A98BCDF9-51C5-4CBB-8897-8103DDEC45AB}.Release|Any CPU.Build.0 = Release|Any CPU
		{B0755743-9014-4A62-A308-8C6686FF20B2}.Debug|Any CPU.ActiveCfg = Debug|Any CPU
		{B0755743-9014-4A62-A308-8C6686FF20B2}.Debug|Any CPU.Build.0 = Debug|Any CPU
		{B0755743-9014-4A62-A308-8C6686FF20B2}.Release|Any CPU.ActiveCfg = Release|Any CPU
		{B0755743-9014-4A62-A308-8C6686FF20B2}.Release|Any CPU.Build.0 = Release|Any CPU
	EndGlobalSection
	GlobalSection(SolutionProperties) = preSolution
		HideSolutionNode = FALSE
	EndGlobalSection
	GlobalSection(ExtensibilityGlobals) = postSolution
		SolutionGuid = {4EC21681-D2B1-4832-AC59-0160E98F9DA4}
	EndGlobalSection
EndGlobal
