
Microsoft Visual Studio Solution File, Format Version 12.00
# Visual Studio Version 17
VisualStudioVersion = 17.3.32901.215
MinimumVisualStudioVersion = 10.0.40219.1
Project("{9A19103F-16F7-4668-BE54-9A1E7A4F7556}") = "Ejer1", "Ejer1\Ejer1.csproj", "{5AD8BFBB-6397-4DDD-9081-6C08F4C4441A}"
EndProject
Project("{FAE04EC0-301F-11D3-BF4B-00C04F79EFBC}") = "Ejer2", "Ejer2\Ejer2.csproj", "{FB1637BD-C6D0-4971-B4A9-F039EBEAE131}"
EndProject
Global
	GlobalSection(SolutionConfigurationPlatforms) = preSolution
		Debug|Any CPU = Debug|Any CPU
		Release|Any CPU = Release|Any CPU
	EndGlobalSection
	GlobalSection(ProjectConfigurationPlatforms) = postSolution
		{5AD8BFBB-6397-4DDD-9081-6C08F4C4441A}.Debug|Any CPU.ActiveCfg = Debug|Any CPU
		{5AD8BFBB-6397-4DDD-9081-6C08F4C4441A}.Debug|Any CPU.Build.0 = Debug|Any CPU
		{5AD8BFBB-6397-4DDD-9081-6C08F4C4441A}.Release|Any CPU.ActiveCfg = Release|Any CPU
		{5AD8BFBB-6397-4DDD-9081-6C08F4C4441A}.Release|Any CPU.Build.0 = Release|Any CPU
		{FB1637BD-C6D0-4971-B4A9-F039EBEAE131}.Debug|Any CPU.ActiveCfg = Debug|Any CPU
		{FB1637BD-C6D0-4971-B4A9-F039EBEAE131}.Debug|Any CPU.Build.0 = Debug|Any CPU
		{FB1637BD-C6D0-4971-B4A9-F039EBEAE131}.Release|Any CPU.ActiveCfg = Release|Any CPU
		{FB1637BD-C6D0-4971-B4A9-F039EBEAE131}.Release|Any CPU.Build.0 = Release|Any CPU
	EndGlobalSection
	GlobalSection(SolutionProperties) = preSolution
		HideSolutionNode = FALSE
	EndGlobalSection
	GlobalSection(ExtensibilityGlobals) = postSolution
		SolutionGuid = {42F0DB39-C329-46D5-B09B-D79EA2F09147}
	EndGlobalSection
EndGlobal
